
Microsoft Visual Studio Solution File, Format Version 12.00
# Visual Studio 15
VisualStudioVersion = 15.0.26823.1
MinimumVisualStudioVersion = 10.0.40219.1
Project("{151D2E53-A2C4-4D7D-83FE-D05416EBD58E}") = "SFCluster", "SFCluster\SFCluster.deployproj", "{3B349EB5-4B97-4A7D-B2A4-DA3B0367968C}"
EndProject
Project("{151D2E53-A2C4-4D7D-83FE-D05416EBD58E}") = "SFClusterVMSSMonitoring", "SFClusterVMSSMonitoring\SFClusterVMSSMonitoring.deployproj", "{1B6D0BCE-2E26-4B10-A973-589BEE2EDEC3}"
EndProject
Project("{151D2E53-A2C4-4D7D-83FE-D05416EBD58E}") = "SFClusterVMSSMonitoringAppGW", "SFClusterVMSSMonitoringAppGW\SFClusterVMSSMonitoringAppGW.deployproj", "{C44DECF2-9E7C-428B-9A81-C7AA606942B0}"
EndProject
Project("{151D2E53-A2C4-4D7D-83FE-D05416EBD58E}") = "SFClusterVMSSMonitoringAppGWSECURED", "SFClusterVMSSMonitoringAppGWSECURED\SFClusterVMSSMonitoringAppGWSECURED.deployproj", "{8331FC39-943C-4539-A2AD-AF7974E86810}"
EndProject
Global
	GlobalSection(SolutionConfigurationPlatforms) = preSolution
		Debug|Any CPU = Debug|Any CPU
		Release|Any CPU = Release|Any CPU
	EndGlobalSection
	GlobalSection(ProjectConfigurationPlatforms) = postSolution
		{3B349EB5-4B97-4A7D-B2A4-DA3B0367968C}.Debug|Any CPU.ActiveCfg = Debug|Any CPU
		{3B349EB5-4B97-4A7D-B2A4-DA3B0367968C}.Debug|Any CPU.Build.0 = Debug|Any CPU
		{3B349EB5-4B97-4A7D-B2A4-DA3B0367968C}.Release|Any CPU.ActiveCfg = Release|Any CPU
		{3B349EB5-4B97-4A7D-B2A4-DA3B0367968C}.Release|Any CPU.Build.0 = Release|Any CPU
		{1B6D0BCE-2E26-4B10-A973-589BEE2EDEC3}.Debug|Any CPU.ActiveCfg = Debug|Any CPU
		{1B6D0BCE-2E26-4B10-A973-589BEE2EDEC3}.Debug|Any CPU.Build.0 = Debug|Any CPU
		{1B6D0BCE-2E26-4B10-A973-589BEE2EDEC3}.Release|Any CPU.ActiveCfg = Release|Any CPU
		{1B6D0BCE-2E26-4B10-A973-589BEE2EDEC3}.Release|Any CPU.Build.0 = Release|Any CPU
		{C44DECF2-9E7C-428B-9A81-C7AA606942B0}.Debug|Any CPU.ActiveCfg = Debug|Any CPU
		{C44DECF2-9E7C-428B-9A81-C7AA606942B0}.Debug|Any CPU.Build.0 = Debug|Any CPU
		{C44DECF2-9E7C-428B-9A81-C7AA606942B0}.Release|Any CPU.ActiveCfg = Release|Any CPU
		{C44DECF2-9E7C-428B-9A81-C7AA606942B0}.Release|Any CPU.Build.0 = Release|Any CPU
		{8331FC39-943C-4539-A2AD-AF7974E86810}.Debug|Any CPU.ActiveCfg = Debug|Any CPU
		{8331FC39-943C-4539-A2AD-AF7974E86810}.Debug|Any CPU.Build.0 = Debug|Any CPU
		{8331FC39-943C-4539-A2AD-AF7974E86810}.Release|Any CPU.ActiveCfg = Release|Any CPU
		{8331FC39-943C-4539-A2AD-AF7974E86810}.Release|Any CPU.Build.0 = Release|Any CPU
	EndGlobalSection
	GlobalSection(SolutionProperties) = preSolution
		HideSolutionNode = FALSE
	EndGlobalSection
	GlobalSection(ExtensibilityGlobals) = postSolution
		SolutionGuid = {4EF13902-7436-4337-B7ED-FF80E93ED5C4}
	EndGlobalSection
EndGlobal
